
Microsoft Visual Studio Solution File, Format Version 12.00
# Visual Studio Version 17
VisualStudioVersion = 17.5.33530.505
MinimumVisualStudioVersion = 10.0.40219.1
Project("{9A19103F-16F7-4668-BE54-9A1E7A4F7556}") = "ConsoleAppZatcaTest", "projects\ConsoleAppZatcaTest\ConsoleAppZatcaTest.csproj", "{B5F8021F-4B45-4F5B-B893-928A3C892BCC}"
EndProject
Project("{9A19103F-16F7-4668-BE54-9A1E7A4F7556}") = "BlazorAppSales", "projects\BlazorAppSales\BlazorAppSales.csproj", "{3CBF2952-EE71-478B-A356-BD16D4D7B2DD}"
EndProject
Project("{9A19103F-16F7-4668-BE54-9A1E7A4F7556}") = "ClassLibraryModels", "projects\ClassLibraryModels\ClassLibraryModels.csproj", "{13C7F589-C812-4A5F-9EF5-A3BC9B0189EF}"
EndProject
Project("{9A19103F-16F7-4668-BE54-9A1E7A4F7556}") = "GeneralUtil", "projects\GeneralUtil\GeneralUtil.csproj", "{165830FC-850A-474D-B494-2EBE48DAAFBB}"
EndProject
Project("{FAE04EC0-301F-11D3-BF4B-00C04F79EFBC}") = "BlazorAppTest", "BlazorAppTest\BlazorAppTest.csproj", "{AA8CF72A-7C73-4330-8A40-5711E37E1C9F}"
EndProject
Global
	GlobalSection(SolutionConfigurationPlatforms) = preSolution
		Debug|Any CPU = Debug|Any CPU
		Release|Any CPU = Release|Any CPU
	EndGlobalSection
	GlobalSection(ProjectConfigurationPlatforms) = postSolution
		{B5F8021F-4B45-4F5B-B893-928A3C892BCC}.Debug|Any CPU.ActiveCfg = Debug|Any CPU
		{B5F8021F-4B45-4F5B-B893-928A3C892BCC}.Debug|Any CPU.Build.0 = Debug|Any CPU
		{B5F8021F-4B45-4F5B-B893-928A3C892BCC}.Release|Any CPU.ActiveCfg = Release|Any CPU
		{B5F8021F-4B45-4F5B-B893-928A3C892BCC}.Release|Any CPU.Build.0 = Release|Any CPU
		{3CBF2952-EE71-478B-A356-BD16D4D7B2DD}.Debug|Any CPU.ActiveCfg = Debug|Any CPU
		{3CBF2952-EE71-478B-A356-BD16D4D7B2DD}.Debug|Any CPU.Build.0 = Debug|Any CPU
		{3CBF2952-EE71-478B-A356-BD16D4D7B2DD}.Release|Any CPU.ActiveCfg = Release|Any CPU
		{3CBF2952-EE71-478B-A356-BD16D4D7B2DD}.Release|Any CPU.Build.0 = Release|Any CPU
		{13C7F589-C812-4A5F-9EF5-A3BC9B0189EF}.Debug|Any CPU.ActiveCfg = Debug|Any CPU
		{13C7F589-C812-4A5F-9EF5-A3BC9B0189EF}.Debug|Any CPU.Build.0 = Debug|Any CPU
		{13C7F589-C812-4A5F-9EF5-A3BC9B0189EF}.Release|Any CPU.ActiveCfg = Release|Any CPU
		{13C7F589-C812-4A5F-9EF5-A3BC9B0189EF}.Release|Any CPU.Build.0 = Release|Any CPU
		{165830FC-850A-474D-B494-2EBE48DAAFBB}.Debug|Any CPU.ActiveCfg = Debug|Any CPU
		{165830FC-850A-474D-B494-2EBE48DAAFBB}.Debug|Any CPU.Build.0 = Debug|Any CPU
		{165830FC-850A-474D-B494-2EBE48DAAFBB}.Release|Any CPU.ActiveCfg = Release|Any CPU
		{165830FC-850A-474D-B494-2EBE48DAAFBB}.Release|Any CPU.Build.0 = Release|Any CPU
		{AA8CF72A-7C73-4330-8A40-5711E37E1C9F}.Debug|Any CPU.ActiveCfg = Debug|Any CPU
		{AA8CF72A-7C73-4330-8A40-5711E37E1C9F}.Debug|Any CPU.Build.0 = Debug|Any CPU
		{AA8CF72A-7C73-4330-8A40-5711E37E1C9F}.Release|Any CPU.ActiveCfg = Release|Any CPU
		{AA8CF72A-7C73-4330-8A40-5711E37E1C9F}.Release|Any CPU.Build.0 = Release|Any CPU
	EndGlobalSection
	GlobalSection(SolutionProperties) = preSolution
		HideSolutionNode = FALSE
	EndGlobalSection
	GlobalSection(ExtensibilityGlobals) = postSolution
		SolutionGuid = {2B6DB86B-668B-4D58-BBB2-53BFAAE361FC}
	EndGlobalSection
EndGlobal
